// !$*UTF8*$!
{
	archiveVersion = 1;
	classes = {
	};
	objectVersion = 50;
	objects = {

/* Begin PBXBuildFile section */
		E65DDE9021C0679D00FB35E4 /* main.swift in Sources */ = {isa = PBXBuildFile; fileRef = E65DDE8F21C0679D00FB35E4 /* main.swift */; };
		E65DDEB021C1F2A500FB35E4 /* CodeInjector.swift in Sources */ = {isa = PBXBuildFile; fileRef = E65DDEAF21C1F2A500FB35E4 /* CodeInjector.swift */; };
		E688AE5321C8AD5500FB35E4 /* XPCService.swift in Sources */ = {isa = PBXBuildFile; fileRef = E688AE5221C8AD5500FB35E4 /* XPCService.swift */; };
		E688AE5721C9637B00FB35E4 /* XPCServiceImplementation.swift in Sources */ = {isa = PBXBuildFile; fileRef = E688AE5621C9637B00FB35E4 /* XPCServiceImplementation.swift */; };
		E688AE6521C9775D00FB35E4 /* AirPlayEnablerInterface.swift in Sources */ = {isa = PBXBuildFile; fileRef = E688AE5421C960FB00FB35E4 /* AirPlayEnablerInterface.swift */; };
		E688AE7321C97DFF00FB35E4 /* libAirPlayEnablerInterface.a in Frameworks */ = {isa = PBXBuildFile; fileRef = E688AE5C21C9774B00FB35E4 /* libAirPlayEnablerInterface.a */; };
		E688AE7521C97F2400FB35E4 /* AirPlayEnablerInterfaceError.swift in Sources */ = {isa = PBXBuildFile; fileRef = E688AE7421C97F2400FB35E4 /* AirPlayEnablerInterfaceError.swift */; };
		E688AE7821C9AE1100FB35E4 /* PrivilegedHelperInfo.swift in Sources */ = {isa = PBXBuildFile; fileRef = E688AE7721C9AE1100FB35E4 /* PrivilegedHelperInfo.swift */; };
		E688AE7A21C9B84A00FB35E4 /* XPCServiceImplementation+UninstallPrivilegedHelper.swift in Sources */ = {isa = PBXBuildFile; fileRef = E688AE7921C9B84A00FB35E4 /* XPCServiceImplementation+UninstallPrivilegedHelper.swift */; };
		E69A58C421CACFC600FB35E4 /* XPCServiceImplementation+IsPrivilegedHelperRunning.swift in Sources */ = {isa = PBXBuildFile; fileRef = E69A58C321CACFC500FB35E4 /* XPCServiceImplementation+IsPrivilegedHelperRunning.swift */; };
		E6B1F2B221C1FD7E00FB35E4 /* TaskVM.m in Sources */ = {isa = PBXBuildFile; fileRef = E6B1F2B121C1FD7E00FB35E4 /* TaskVM.m */; };
		E6B1F2BC21C4A39900FB35E4 /* ExecutableHeaderContext+ByteOrder.swift in Sources */ = {isa = PBXBuildFile; fileRef = E6B1F2BB21C4A39900FB35E4 /* ExecutableHeaderContext+ByteOrder.swift */; };
		E6B1F2BF21C5C33B00FB35E4 /* ActivityTracing.m in Sources */ = {isa = PBXBuildFile; fileRef = E6B1F2BE21C5C33B00FB35E4 /* ActivityTracing.m */; };
/* End PBXBuildFile section */

/* Begin PBXContainerItemProxy section */
		E688AE6621C977AC00FB35E4 /* PBXContainerItemProxy */ = {
			isa = PBXContainerItemProxy;
			containerPortal = E65DDE8421C0679D00FB35E4 /* Project object */;
			proxyType = 1;
			remoteGlobalIDString = E688AE5B21C9774B00FB35E4;
			remoteInfo = AirPlayEnablerInterface;
		};
/* End PBXContainerItemProxy section */

/* Begin PBXCopyFilesBuildPhase section */
		E65DDE8A21C0679D00FB35E4 /* CopyFiles */ = {
			isa = PBXCopyFilesBuildPhase;
			buildActionMask = 2147483647;
			dstPath = /usr/share/man/man1/;
			dstSubfolderSpec = 0;
			files = (
			);
			runOnlyForDeploymentPostprocessing = 1;
		};
/* End PBXCopyFilesBuildPhase section */

/* Begin PBXFileReference section */
		E65DDE8C21C0679D00FB35E4 /* mo.darren.optimus.player.mac.airplay-enabler */ = {isa = PBXFileReference; explicitFileType = "compiled.mach-o.executable"; includeInIndex = 0; path = "mo.darren.optimus.player.mac.airplay-enabler"; sourceTree = BUILT_PRODUCTS_DIR; };
		E65DDE8F21C0679D00FB35E4 /* main.swift */ = {isa = PBXFileReference; lastKnownFileType = sourcecode.swift; path = main.swift; sourceTree = "<group>"; };
		E65DDE9D21C0684C00FB35E4 /* Info.plist */ = {isa = PBXFileReference; lastKnownFileType = text.plist.xml; path = Info.plist; sourceTree = "<group>"; };
		E65DDE9E21C06A8B00FB35E4 /* Launchd.plist */ = {isa = PBXFileReference; lastKnownFileType = text.plist.xml; path = Launchd.plist; sourceTree = "<group>"; };
		E65DDEAF21C1F2A500FB35E4 /* CodeInjector.swift */ = {isa = PBXFileReference; lastKnownFileType = sourcecode.swift; path = CodeInjector.swift; sourceTree = "<group>"; };
		E688AE5221C8AD5500FB35E4 /* XPCService.swift */ = {isa = PBXFileReference; lastKnownFileType = sourcecode.swift; path = XPCService.swift; sourceTree = "<group>"; };
		E688AE5421C960FB00FB35E4 /* AirPlayEnablerInterface.swift */ = {isa = PBXFileReference; lastKnownFileType = sourcecode.swift; path = AirPlayEnablerInterface.swift; sourceTree = "<group>"; };
		E688AE5621C9637B00FB35E4 /* XPCServiceImplementation.swift */ = {isa = PBXFileReference; lastKnownFileType = sourcecode.swift; path = XPCServiceImplementation.swift; sourceTree = "<group>"; };
		E688AE5C21C9774B00FB35E4 /* libAirPlayEnablerInterface.a */ = {isa = PBXFileReference; explicitFileType = archive.ar; includeInIndex = 0; path = libAirPlayEnablerInterface.a; sourceTree = BUILT_PRODUCTS_DIR; };
		E688AE7421C97F2400FB35E4 /* AirPlayEnablerInterfaceError.swift */ = {isa = PBXFileReference; lastKnownFileType = sourcecode.swift; path = AirPlayEnablerInterfaceError.swift; sourceTree = "<group>"; };
		E688AE7721C9AE1100FB35E4 /* PrivilegedHelperInfo.swift */ = {isa = PBXFileReference; lastKnownFileType = sourcecode.swift; path = PrivilegedHelperInfo.swift; sourceTree = "<group>"; };
		E688AE7921C9B84A00FB35E4 /* XPCServiceImplementation+UninstallPrivilegedHelper.swift */ = {isa = PBXFileReference; lastKnownFileType = sourcecode.swift; path = "XPCServiceImplementation+UninstallPrivilegedHelper.swift"; sourceTree = "<group>"; };
		E69A58C321CACFC500FB35E4 /* XPCServiceImplementation+IsPrivilegedHelperRunning.swift */ = {isa = PBXFileReference; fileEncoding = 4; lastKnownFileType = sourcecode.swift; path = "XPCServiceImplementation+IsPrivilegedHelperRunning.swift"; sourceTree = "<group>"; };
		E6B1F2B021C1FD7E00FB35E4 /* AirPlayEnabler-Bridging-Header.h */ = {isa = PBXFileReference; lastKnownFileType = sourcecode.c.h; path = "AirPlayEnabler-Bridging-Header.h"; sourceTree = "<group>"; };
		E6B1F2B121C1FD7E00FB35E4 /* TaskVM.m */ = {isa = PBXFileReference; lastKnownFileType = sourcecode.c.objc; path = TaskVM.m; sourceTree = "<group>"; };
		E6B1F2B321C1FD9A00FB35E4 /* TaskVM.h */ = {isa = PBXFileReference; lastKnownFileType = sourcecode.c.h; path = TaskVM.h; sourceTree = "<group>"; };
		E6B1F2BB21C4A39900FB35E4 /* ExecutableHeaderContext+ByteOrder.swift */ = {isa = PBXFileReference; lastKnownFileType = sourcecode.swift; path = "ExecutableHeaderContext+ByteOrder.swift"; sourceTree = "<group>"; };
		E6B1F2BD21C5C33B00FB35E4 /* ActivityTracing.h */ = {isa = PBXFileReference; fileEncoding = 4; lastKnownFileType = sourcecode.c.h; path = ActivityTracing.h; sourceTree = "<group>"; };
		E6B1F2BE21C5C33B00FB35E4 /* ActivityTracing.m */ = {isa = PBXFileReference; fileEncoding = 4; lastKnownFileType = sourcecode.c.objc; path = ActivityTracing.m; sourceTree = "<group>"; };
/* End PBXFileReference section */

/* Begin PBXFrameworksBuildPhase section */
		E65DDE8921C0679D00FB35E4 /* Frameworks */ = {
			isa = PBXFrameworksBuildPhase;
			buildActionMask = 2147483647;
			files = (
				E688AE7321C97DFF00FB35E4 /* libAirPlayEnablerInterface.a in Frameworks */,
			);
			runOnlyForDeploymentPostprocessing = 0;
		};
		E688AE5A21C9774B00FB35E4 /* Frameworks */ = {
			isa = PBXFrameworksBuildPhase;
			buildActionMask = 2147483647;
			files = (
			);
			runOnlyForDeploymentPostprocessing = 0;
		};
/* End PBXFrameworksBuildPhase section */

/* Begin PBXGroup section */
		E65DDE8321C0679D00FB35E4 = {
			isa = PBXGroup;
			children = (
				E65DDE8E21C0679D00FB35E4 /* AirPlayEnabler */,
				E688AE5D21C9774B00FB35E4 /* AirPlayEnablerInterface */,
				E65DDE8D21C0679D00FB35E4 /* Products */,
			);
			sourceTree = "<group>";
		};
		E65DDE8D21C0679D00FB35E4 /* Products */ = {
			isa = PBXGroup;
			children = (
				E65DDE8C21C0679D00FB35E4 /* mo.darren.optimus.player.mac.airplay-enabler */,
				E688AE5C21C9774B00FB35E4 /* libAirPlayEnablerInterface.a */,
			);
			name = Products;
			sourceTree = "<group>";
		};
		E65DDE8E21C0679D00FB35E4 /* AirPlayEnabler */ = {
			isa = PBXGroup;
			children = (
				E65DDE8F21C0679D00FB35E4 /* main.swift */,
				E69A58CB21CB301700FB35E4 /* XPC Service */,
				E69A58CA21CB300C00FB35E4 /* Code Injection */,
				E69A58C921CB2FFB00FB35E4 /* Extensions and Utilities */,
				E6B1F2B021C1FD7E00FB35E4 /* AirPlayEnabler-Bridging-Header.h */,
				E65DDE9E21C06A8B00FB35E4 /* Launchd.plist */,
				E65DDE9D21C0684C00FB35E4 /* Info.plist */,
			);
			path = AirPlayEnabler;
			sourceTree = "<group>";
		};
		E688AE5D21C9774B00FB35E4 /* AirPlayEnablerInterface */ = {
			isa = PBXGroup;
			children = (
				E688AE5421C960FB00FB35E4 /* AirPlayEnablerInterface.swift */,
				E688AE7421C97F2400FB35E4 /* AirPlayEnablerInterfaceError.swift */,
			);
			path = AirPlayEnablerInterface;
			sourceTree = "<group>";
		};
		E69A58C921CB2FFB00FB35E4 /* Extensions and Utilities */ = {
			isa = PBXGroup;
			children = (
				E688AE7721C9AE1100FB35E4 /* PrivilegedHelperInfo.swift */,
				E6B1F2BD21C5C33B00FB35E4 /* ActivityTracing.h */,
				E6B1F2BE21C5C33B00FB35E4 /* ActivityTracing.m */,
			);
			path = "Extensions and Utilities";
			sourceTree = "<group>";
		};
		E69A58CA21CB300C00FB35E4 /* Code Injection */ = {
			isa = PBXGroup;
			children = (
				E65DDEAF21C1F2A500FB35E4 /* CodeInjector.swift */,
				E6B1F2BB21C4A39900FB35E4 /* ExecutableHeaderContext+ByteOrder.swift */,
				E6B1F2B321C1FD9A00FB35E4 /* TaskVM.h */,
				E6B1F2B121C1FD7E00FB35E4 /* TaskVM.m */,
			);
			path = "Code Injection";
			sourceTree = "<group>";
		};
		E69A58CB21CB301700FB35E4 /* XPC Service */ = {
			isa = PBXGroup;
			children = (
				E688AE5221C8AD5500FB35E4 /* XPCService.swift */,
				E688AE5621C9637B00FB35E4 /* XPCServiceImplementation.swift */,
				E69A58C321CACFC500FB35E4 /* XPCServiceImplementation+IsPrivilegedHelperRunning.swift */,
				E688AE7921C9B84A00FB35E4 /* XPCServiceImplementation+UninstallPrivilegedHelper.swift */,
			);
			path = "XPC Service";
			sourceTree = "<group>";
		};
/* End PBXGroup section */

/* Begin PBXHeadersBuildPhase section */
		E688AE5821C9774B00FB35E4 /* Headers */ = {
			isa = PBXHeadersBuildPhase;
			buildActionMask = 2147483647;
			files = (
			);
			runOnlyForDeploymentPostprocessing = 0;
		};
/* End PBXHeadersBuildPhase section */

/* Begin PBXNativeTarget section */
		E65DDE8B21C0679D00FB35E4 /* AirPlayEnabler */ = {
			isa = PBXNativeTarget;
			buildConfigurationList = E65DDE9321C0679D00FB35E4 /* Build configuration list for PBXNativeTarget "AirPlayEnabler" */;
			buildPhases = (
				E65DDE8821C0679D00FB35E4 /* Sources */,
				E65DDE8921C0679D00FB35E4 /* Frameworks */,
				E65DDE8A21C0679D00FB35E4 /* CopyFiles */,
			);
			buildRules = (
			);
			dependencies = (
				E688AE6721C977AC00FB35E4 /* PBXTargetDependency */,
			);
			name = AirPlayEnabler;
			productName = AirPlayEnabler;
			productReference = E65DDE8C21C0679D00FB35E4 /* mo.darren.optimus.player.mac.airplay-enabler */;
			productType = "com.apple.product-type.tool";
		};
		E688AE5B21C9774B00FB35E4 /* AirPlayEnablerInterface */ = {
			isa = PBXNativeTarget;
			buildConfigurationList = E688AE6221C9774B00FB35E4 /* Build configuration list for PBXNativeTarget "AirPlayEnablerInterface" */;
			buildPhases = (
				E688AE5821C9774B00FB35E4 /* Headers */,
				E688AE5921C9774B00FB35E4 /* Sources */,
				E688AE5A21C9774B00FB35E4 /* Frameworks */,
			);
			buildRules = (
			);
			dependencies = (
			);
			name = AirPlayEnablerInterface;
			productName = AirPlayEnablerInterface;
			productReference = E688AE5C21C9774B00FB35E4 /* libAirPlayEnablerInterface.a */;
			productType = "com.apple.product-type.library.static";
		};
/* End PBXNativeTarget section */

/* Begin PBXProject section */
		E65DDE8421C0679D00FB35E4 /* Project object */ = {
			isa = PBXProject;
			attributes = {
				LastSwiftUpdateCheck = 1010;
				LastUpgradeCheck = 1010;
				ORGANIZATIONNAME = "Darren Mo";
				TargetAttributes = {
					E65DDE8B21C0679D00FB35E4 = {
						CreatedOnToolsVersion = 10.1;
						LastSwiftMigration = 1010;
					};
					E688AE5B21C9774B00FB35E4 = {
						CreatedOnToolsVersion = 10.1;
					};
				};
			};
			buildConfigurationList = E65DDE8721C0679D00FB35E4 /* Build configuration list for PBXProject "AirPlayEnabler" */;
			compatibilityVersion = "Xcode 9.3";
			developmentRegion = en;
			hasScannedForEncodings = 0;
			knownRegions = (
				en,
			);
			mainGroup = E65DDE8321C0679D00FB35E4;
			productRefGroup = E65DDE8D21C0679D00FB35E4 /* Products */;
			projectDirPath = "";
			projectRoot = "";
			targets = (
				E65DDE8B21C0679D00FB35E4 /* AirPlayEnabler */,
				E688AE5B21C9774B00FB35E4 /* AirPlayEnablerInterface */,
			);
		};
/* End PBXProject section */

/* Begin PBXSourcesBuildPhase section */
		E65DDE8821C0679D00FB35E4 /* Sources */ = {
			isa = PBXSourcesBuildPhase;
			buildActionMask = 2147483647;
			files = (
				E6B1F2B221C1FD7E00FB35E4 /* TaskVM.m in Sources */,
				E65DDEB021C1F2A500FB35E4 /* CodeInjector.swift in Sources */,
				E69A58C421CACFC600FB35E4 /* XPCServiceImplementation+IsPrivilegedHelperRunning.swift in Sources */,
				E65DDE9021C0679D00FB35E4 /* main.swift in Sources */,
				E688AE5721C9637B00FB35E4 /* XPCServiceImplementation.swift in Sources */,
				E688AE7821C9AE1100FB35E4 /* PrivilegedHelperInfo.swift in Sources */,
				E688AE7A21C9B84A00FB35E4 /* XPCServiceImplementation+UninstallPrivilegedHelper.swift in Sources */,
				E6B1F2BC21C4A39900FB35E4 /* ExecutableHeaderContext+ByteOrder.swift in Sources */,
				E6B1F2BF21C5C33B00FB35E4 /* ActivityTracing.m in Sources */,
				E688AE5321C8AD5500FB35E4 /* XPCService.swift in Sources */,
			);
			runOnlyForDeploymentPostprocessing = 0;
		};
		E688AE5921C9774B00FB35E4 /* Sources */ = {
			isa = PBXSourcesBuildPhase;
			buildActionMask = 2147483647;
			files = (
				E688AE7521C97F2400FB35E4 /* AirPlayEnablerInterfaceError.swift in Sources */,
				E688AE6521C9775D00FB35E4 /* AirPlayEnablerInterface.swift in Sources */,
			);
			runOnlyForDeploymentPostprocessing = 0;
		};
/* End PBXSourcesBuildPhase section */

/* Begin PBXTargetDependency section */
		E688AE6721C977AC00FB35E4 /* PBXTargetDependency */ = {
			isa = PBXTargetDependency;
			target = E688AE5B21C9774B00FB35E4 /* AirPlayEnablerInterface */;
			targetProxy = E688AE6621C977AC00FB35E4 /* PBXContainerItemProxy */;
		};
/* End PBXTargetDependency section */

/* Begin XCBuildConfiguration section */
		E65DDE9121C0679D00FB35E4 /* Debug */ = {
			isa = XCBuildConfiguration;
			buildSettings = {
				ALWAYS_SEARCH_USER_PATHS = NO;
				CLANG_ANALYZER_NONNULL = YES;
				CLANG_ANALYZER_NUMBER_OBJECT_CONVERSION = YES_AGGRESSIVE;
				CLANG_CXX_LANGUAGE_STANDARD = "gnu++14";
				CLANG_CXX_LIBRARY = "libc++";
				CLANG_ENABLE_MODULES = YES;
				CLANG_ENABLE_OBJC_ARC = YES;
				CLANG_ENABLE_OBJC_WEAK = YES;
				CLANG_WARN_BLOCK_CAPTURE_AUTORELEASING = YES;
				CLANG_WARN_BOOL_CONVERSION = YES;
				CLANG_WARN_COMMA = YES;
				CLANG_WARN_CONSTANT_CONVERSION = YES;
				CLANG_WARN_DEPRECATED_OBJC_IMPLEMENTATIONS = YES;
				CLANG_WARN_DIRECT_OBJC_ISA_USAGE = YES_ERROR;
				CLANG_WARN_DOCUMENTATION_COMMENTS = YES;
				CLANG_WARN_EMPTY_BODY = YES;
				CLANG_WARN_ENUM_CONVERSION = YES;
				CLANG_WARN_INFINITE_RECURSION = YES;
				CLANG_WARN_INT_CONVERSION = YES;
				CLANG_WARN_NON_LITERAL_NULL_CONVERSION = YES;
				CLANG_WARN_OBJC_IMPLICIT_RETAIN_SELF = YES;
				CLANG_WARN_OBJC_LITERAL_CONVERSION = YES;
				CLANG_WARN_OBJC_ROOT_CLASS = YES_ERROR;
				CLANG_WARN_RANGE_LOOP_ANALYSIS = YES;
				CLANG_WARN_STRICT_PROTOTYPES = YES;
				CLANG_WARN_SUSPICIOUS_MOVE = YES;
				CLANG_WARN_UNGUARDED_AVAILABILITY = YES_AGGRESSIVE;
				CLANG_WARN_UNREACHABLE_CODE = YES;
				CLANG_WARN__DUPLICATE_METHOD_MATCH = YES;
				CODE_SIGN_IDENTITY = "Mac Developer";
				COPY_PHASE_STRIP = NO;
				DEBUG_INFORMATION_FORMAT = dwarf;
				ENABLE_STRICT_OBJC_MSGSEND = YES;
				ENABLE_TESTABILITY = YES;
				GCC_C_LANGUAGE_STANDARD = gnu11;
				GCC_DYNAMIC_NO_PIC = NO;
				GCC_NO_COMMON_BLOCKS = YES;
				GCC_OPTIMIZATION_LEVEL = 0;
				GCC_PREPROCESSOR_DEFINITIONS = (
					"DEBUG=1",
					"$(inherited)",
				);
				GCC_WARN_64_TO_32_BIT_CONVERSION = YES;
				GCC_WARN_ABOUT_RETURN_TYPE = YES_ERROR;
				GCC_WARN_UNDECLARED_SELECTOR = YES;
				GCC_WARN_UNINITIALIZED_AUTOS = YES_AGGRESSIVE;
				GCC_WARN_UNUSED_FUNCTION = YES;
				GCC_WARN_UNUSED_VARIABLE = YES;
				MACOSX_DEPLOYMENT_TARGET = 10.14;
				MTL_ENABLE_DEBUG_INFO = INCLUDE_SOURCE;
				MTL_FAST_MATH = YES;
				ONLY_ACTIVE_ARCH = YES;
				SDKROOT = macosx;
				SWIFT_ACTIVE_COMPILATION_CONDITIONS = DEBUG;
				SWIFT_OPTIMIZATION_LEVEL = "-Onone";
			};
			name = Debug;
		};
		E65DDE9221C0679D00FB35E4 /* Release */ = {
			isa = XCBuildConfiguration;
			buildSettings = {
				ALWAYS_SEARCH_USER_PATHS = NO;
				CLANG_ANALYZER_NONNULL = YES;
				CLANG_ANALYZER_NUMBER_OBJECT_CONVERSION = YES_AGGRESSIVE;
				CLANG_CXX_LANGUAGE_STANDARD = "gnu++14";
				CLANG_CXX_LIBRARY = "libc++";
				CLANG_ENABLE_MODULES = YES;
				CLANG_ENABLE_OBJC_ARC = YES;
				CLANG_ENABLE_OBJC_WEAK = YES;
				CLANG_WARN_BLOCK_CAPTURE_AUTORELEASING = YES;
				CLANG_WARN_BOOL_CONVERSION = YES;
				CLANG_WARN_COMMA = YES;
				CLANG_WARN_CONSTANT_CONVERSION = YES;
				CLANG_WARN_DEPRECATED_OBJC_IMPLEMENTATIONS = YES;
				CLANG_WARN_DIRECT_OBJC_ISA_USAGE = YES_ERROR;
				CLANG_WARN_DOCUMENTATION_COMMENTS = YES;
				CLANG_WARN_EMPTY_BODY = YES;
				CLANG_WARN_ENUM_CONVERSION = YES;
				CLANG_WARN_INFINITE_RECURSION = YES;
				CLANG_WARN_INT_CONVERSION = YES;
				CLANG_WARN_NON_LITERAL_NULL_CONVERSION = YES;
				CLANG_WARN_OBJC_IMPLICIT_RETAIN_SELF = YES;
				CLANG_WARN_OBJC_LITERAL_CONVERSION = YES;
				CLANG_WARN_OBJC_ROOT_CLASS = YES_ERROR;
				CLANG_WARN_RANGE_LOOP_ANALYSIS = YES;
				CLANG_WARN_STRICT_PROTOTYPES = YES;
				CLANG_WARN_SUSPICIOUS_MOVE = YES;
				CLANG_WARN_UNGUARDED_AVAILABILITY = YES_AGGRESSIVE;
				CLANG_WARN_UNREACHABLE_CODE = YES;
				CLANG_WARN__DUPLICATE_METHOD_MATCH = YES;
				CODE_SIGN_IDENTITY = "Mac Developer";
				COPY_PHASE_STRIP = NO;
				DEBUG_INFORMATION_FORMAT = "dwarf-with-dsym";
				ENABLE_NS_ASSERTIONS = NO;
				ENABLE_STRICT_OBJC_MSGSEND = YES;
				GCC_C_LANGUAGE_STANDARD = gnu11;
				GCC_NO_COMMON_BLOCKS = YES;
				GCC_WARN_64_TO_32_BIT_CONVERSION = YES;
				GCC_WARN_ABOUT_RETURN_TYPE = YES_ERROR;
				GCC_WARN_UNDECLARED_SELECTOR = YES;
				GCC_WARN_UNINITIALIZED_AUTOS = YES_AGGRESSIVE;
				GCC_WARN_UNUSED_FUNCTION = YES;
				GCC_WARN_UNUSED_VARIABLE = YES;
				MACOSX_DEPLOYMENT_TARGET = 10.14;
				MTL_ENABLE_DEBUG_INFO = NO;
				MTL_FAST_MATH = YES;
				SDKROOT = macosx;
				SWIFT_COMPILATION_MODE = wholemodule;
				SWIFT_OPTIMIZATION_LEVEL = "-O";
			};
			name = Release;
		};
		E65DDE9421C0679D00FB35E4 /* Debug */ = {
			isa = XCBuildConfiguration;
			buildSettings = {
				CLANG_ENABLE_MODULES = YES;
				CODE_SIGN_IDENTITY = "Developer ID Application";
				CODE_SIGN_STYLE = Manual;
				CREATE_INFOPLIST_SECTION_IN_BINARY = YES;
				DEVELOPMENT_TEAM = PVLQ49LAH3;
				INFOPLIST_FILE = "$(SRCROOT)/AirPlayEnabler/Info.plist";
				LD_RUNPATH_SEARCH_PATHS = (
					"$(inherited)",
					"@executable_path/../Frameworks",
					"@loader_path/../Frameworks",
				);
				OTHER_LDFLAGS = (
					"-sectcreate",
					__TEXT,
					__launchd_plist,
					"$(SRCROOT)/AirPlayEnabler/Launchd.plist",
				);
				PRODUCT_BUNDLE_IDENTIFIER = "mo.darren.optimus.player.mac.airplay-enabler";
				PRODUCT_NAME = "$(PRODUCT_BUNDLE_IDENTIFIER)";
				PROVISIONING_PROFILE_SPECIFIER = "";
				SKIP_INSTALL = YES;
				SWIFT_OBJC_BRIDGING_HEADER = "AirPlayEnabler/AirPlayEnabler-Bridging-Header.h";
				SWIFT_OPTIMIZATION_LEVEL = "-Onone";
				SWIFT_VERSION = 4.2;
			};
			name = Debug;
		};
		E65DDE9521C0679D00FB35E4 /* Release */ = {
			isa = XCBuildConfiguration;
			buildSettings = {
				CLANG_ENABLE_MODULES = YES;
				CODE_SIGN_IDENTITY = "Developer ID Application";
				CODE_SIGN_STYLE = Manual;
				CREATE_INFOPLIST_SECTION_IN_BINARY = YES;
				DEVELOPMENT_TEAM = PVLQ49LAH3;
				INFOPLIST_FILE = "$(SRCROOT)/AirPlayEnabler/Info.plist";
				LD_RUNPATH_SEARCH_PATHS = (
					"$(inherited)",
					"@executable_path/../Frameworks",
					"@loader_path/../Frameworks",
				);
				OTHER_LDFLAGS = (
					"-sectcreate",
					__TEXT,
					__launchd_plist,
					"$(SRCROOT)/AirPlayEnabler/Launchd.plist",
				);
				PRODUCT_BUNDLE_IDENTIFIER = "mo.darren.optimus.player.mac.airplay-enabler";
				PRODUCT_NAME = "$(PRODUCT_BUNDLE_IDENTIFIER)";
				PROVISIONING_PROFILE_SPECIFIER = "";
				SKIP_INSTALL = YES;
				SWIFT_OBJC_BRIDGING_HEADER = "AirPlayEnabler/AirPlayEnabler-Bridging-Header.h";
				SWIFT_VERSION = 4.2;
			};
			name = Release;
		};
		E688AE6321C9774B00FB35E4 /* Debug */ = {
			isa = XCBuildConfiguration;
			buildSettings = {
				CODE_SIGN_STYLE = Automatic;
				DEVELOPMENT_TEAM = PVLQ49LAH3;
				EXECUTABLE_PREFIX = lib;
				PRODUCT_NAME = "$(TARGET_NAME)";
				SKIP_INSTALL = YES;
				SWIFT_VERSION = 4.2;
			};
			name = Debug;
		};
		E688AE6421C9774B00FB35E4 /* Release */ = {
			isa = XCBuildConfiguration;
			buildSettings = {
				CODE_SIGN_STYLE = Automatic;
				DEVELOPMENT_TEAM = PVLQ49LAH3;
				EXECUTABLE_PREFIX = lib;
				PRODUCT_NAME = "$(TARGET_NAME)";
				SKIP_INSTALL = YES;
				SWIFT_VERSION = 4.2;
			};
			name = Release;
		};
/* End XCBuildConfiguration section */

/* Begin XCConfigurationList section */
		E65DDE8721C0679D00FB35E4 /* Build configuration list for PBXProject "AirPlayEnabler" */ = {
			isa = XCConfigurationList;
			buildConfigurations = (
				E65DDE9121C0679D00FB35E4 /* Debug */,
				E65DDE9221C0679D00FB35E4 /* Release */,
			);
			defaultConfigurationIsVisible = 0;
			defaultConfigurationName = Release;
		};
		E65DDE9321C0679D00FB35E4 /* Build configuration list for PBXNativeTarget "AirPlayEnabler" */ = {
			isa = XCConfigurationList;
			buildConfigurations = (
				E65DDE9421C0679D00FB35E4 /* Debug */,
				E65DDE9521C0679D00FB35E4 /* Release */,
			);
			defaultConfigurationIsVisible = 0;
			defaultConfigurationName = Release;
		};
		E688AE6221C9774B00FB35E4 /* Build configuration list for PBXNativeTarget "AirPlayEnablerInterface" */ = {
			isa = XCConfigurationList;
			buildConfigurations = (
				E688AE6321C9774B00FB35E4 /* Debug */,
				E688AE6421C9774B00FB35E4 /* Release */,
			);
			defaultConfigurationIsVisible = 0;
			defaultConfigurationName = Release;
		};
/* End XCConfigurationList section */
	};
	rootObject = E65DDE8421C0679D00FB35E4 /* Project object */;
}
